<Solution>
  <Folder Name="/src/">
    <Project Path="src/RandomSkunk.StructuredLogging/RandomSkunk.StructuredLogging.csproj" />
  </Folder>
  <Folder Name="/test/">
    <Project Path="test/RandomSkunk.StructuredLogging.Tests/RandomSkunk.StructuredLogging.Tests.csproj" />
  </Folder>
</Solution>
