
Microsoft Visual Studio Solution File, Format Version 12.00
# Visual Studio Version 18
VisualStudioVersion = 18.3.11505.172
MinimumVisualStudioVersion = 10.0.40219.1
Project("{FAE04EC0-301F-11D3-BF4B-00C04F79EFBC}") = "RandomSkunk.StructuredLogging", "RandomSkunk.StructuredLogging\RandomSkunk.StructuredLogging.csproj", "{F3E87913-3EE1-45AC-B0C6-6C8C85B7A115}"
EndProject
Project("{FAE04EC0-301F-11D3-BF4B-00C04F79EFBC}") = "RandomSkunk.StructuredLogging.Tests", "RandomSkunk.StructuredLogging.Tests\RandomSkunk.StructuredLogging.Tests.csproj", "{2C5C5E29-2931-40B2-963D-F9CDCAD7F3B7}"
EndProject
Project("{FAE04EC0-301F-11D3-BF4B-00C04F79EFBC}") = "RandomSkunk.StructuredLogging.Generator", "RandomSkunk.StructuredLogging.Generator\RandomSkunk.StructuredLogging.Generator.csproj", "{7A2CAE5C-AC45-44AF-B237-A66A5F70E3BD}"
EndProject
Global
	GlobalSection(SolutionConfigurationPlatforms) = preSolution
		Debug|Any CPU = Debug|Any CPU
		Release|Any CPU = Release|Any CPU
	EndGlobalSection
	GlobalSection(ProjectConfigurationPlatforms) = postSolution
		{F3E87913-3EE1-45AC-B0C6-6C8C85B7A115}.Debug|Any CPU.ActiveCfg = Debug|Any CPU
		{F3E87913-3EE1-45AC-B0C6-6C8C85B7A115}.Debug|Any CPU.Build.0 = Debug|Any CPU
		{F3E87913-3EE1-45AC-B0C6-6C8C85B7A115}.Release|Any CPU.ActiveCfg = Release|Any CPU
		{F3E87913-3EE1-45AC-B0C6-6C8C85B7A115}.Release|Any CPU.Build.0 = Release|Any CPU
		{2C5C5E29-2931-40B2-963D-F9CDCAD7F3B7}.Debug|Any CPU.ActiveCfg = Debug|Any CPU
		{2C5C5E29-2931-40B2-963D-F9CDCAD7F3B7}.Debug|Any CPU.Build.0 = Debug|Any CPU
		{2C5C5E29-2931-40B2-963D-F9CDCAD7F3B7}.Release|Any CPU.ActiveCfg = Release|Any CPU
		{2C5C5E29-2931-40B2-963D-F9CDCAD7F3B7}.Release|Any CPU.Build.0 = Release|Any CPU
		{7A2CAE5C-AC45-44AF-B237-A66A5F70E3BD}.Debug|Any CPU.ActiveCfg = Debug|Any CPU
		{7A2CAE5C-AC45-44AF-B237-A66A5F70E3BD}.Debug|Any CPU.Build.0 = Debug|Any CPU
		{7A2CAE5C-AC45-44AF-B237-A66A5F70E3BD}.Release|Any CPU.ActiveCfg = Release|Any CPU
		{7A2CAE5C-AC45-44AF-B237-A66A5F70E3BD}.Release|Any CPU.Build.0 = Release|Any CPU
	EndGlobalSection
	GlobalSection(SolutionProperties) = preSolution
		HideSolutionNode = FALSE
	EndGlobalSection
	GlobalSection(ExtensibilityGlobals) = postSolution
		SolutionGuid = {95A216F2-2F47-4A11-890D-843CDD9F82D9}
	EndGlobalSection
EndGlobal
